
Microsoft Visual Studio Solution File, Format Version 12.00
# Visual Studio Version 16
VisualStudioVersion = 16.0.808.3
MinimumVisualStudioVersion = 10.0.40219.1
Project("{FAE04EC0-301F-11D3-BF4B-00C04F79EFBC}") = "Tetris", "Tetris.csproj", "{F2C961E8-9719-41B3-A7D5-334806B0B3D6}"
EndProject
Global
	GlobalSection(SolutionConfigurationPlatforms) = preSolution
		Debug|Any CPU = Debug|Any CPU
		Release|Any CPU = Release|Any CPU
	EndGlobalSection
	GlobalSection(ProjectConfigurationPlatforms) = postSolution
		{F2C961E8-9719-41B3-A7D5-334806B0B3D6}.Debug|Any CPU.ActiveCfg = Debug|Any CPU
		{F2C961E8-9719-41B3-A7D5-334806B0B3D6}.Debug|Any CPU.Build.0 = Debug|Any CPU
		{F2C961E8-9719-41B3-A7D5-334806B0B3D6}.Release|Any CPU.ActiveCfg = Release|Any CPU
		{F2C961E8-9719-41B3-A7D5-334806B0B3D6}.Release|Any CPU.Build.0 = Release|Any CPU
	EndGlobalSection
	GlobalSection(SolutionProperties) = preSolution
		HideSolutionNode = FALSE
	EndGlobalSection
	GlobalSection(ExtensibilityGlobals) = postSolution
		SolutionGuid = {5CAE78C0-59BD-4195-8DFC-C8771BC01450}
	EndGlobalSection
EndGlobal
